
Microsoft Visual Studio Solution File, Format Version 12.00
# Visual Studio Version 17
VisualStudioVersion = 17.0.31912.275
MinimumVisualStudioVersion = 10.0.40219.1
Project("{9A19103F-16F7-4668-BE54-9A1E7A4F7556}") = "AdventOfCode2021.Day1", "AdventOfCode2021.Day1\AdventOfCode2021.Day1.csproj", "{07AF4857-B9CA-4231-9094-BC6834178B6B}"
EndProject
Project("{9A19103F-16F7-4668-BE54-9A1E7A4F7556}") = "AdventOfCode2021.Core", "AdventOfCode2021.Core\AdventOfCode2021.Core.csproj", "{21930C97-9C72-41FF-92A2-424C0B864DF4}"
EndProject
Project("{9A19103F-16F7-4668-BE54-9A1E7A4F7556}") = "AdventOfCode2021.Day2", "AdventOfCode2021.Day2\AdventOfCode2021.Day2.csproj", "{A0F396EC-522A-4943-B52A-84B519B88A33}"
EndProject
Project("{9A19103F-16F7-4668-BE54-9A1E7A4F7556}") = "AdventOfCode2021.Day3", "AdventOfCode2021.Day3\AdventOfCode2021.Day3.csproj", "{4C9159AB-8BAD-46F5-A2B2-A67F2B09C31C}"
EndProject
Project("{FAE04EC0-301F-11D3-BF4B-00C04F79EFBC}") = "AdventOfCode2021.Day4", "AdventOfCode2021.Day4\AdventOfCode2021.Day4.csproj", "{132EF986-7963-4534-ADA4-1497730EDFD2}"
EndProject
Global
	GlobalSection(SolutionConfigurationPlatforms) = preSolution
		Debug|Any CPU = Debug|Any CPU
		Release|Any CPU = Release|Any CPU
	EndGlobalSection
	GlobalSection(ProjectConfigurationPlatforms) = postSolution
		{07AF4857-B9CA-4231-9094-BC6834178B6B}.Debug|Any CPU.ActiveCfg = Debug|Any CPU
		{07AF4857-B9CA-4231-9094-BC6834178B6B}.Debug|Any CPU.Build.0 = Debug|Any CPU
		{07AF4857-B9CA-4231-9094-BC6834178B6B}.Release|Any CPU.ActiveCfg = Release|Any CPU
		{07AF4857-B9CA-4231-9094-BC6834178B6B}.Release|Any CPU.Build.0 = Release|Any CPU
		{21930C97-9C72-41FF-92A2-424C0B864DF4}.Debug|Any CPU.ActiveCfg = Debug|Any CPU
		{21930C97-9C72-41FF-92A2-424C0B864DF4}.Debug|Any CPU.Build.0 = Debug|Any CPU
		{21930C97-9C72-41FF-92A2-424C0B864DF4}.Release|Any CPU.ActiveCfg = Release|Any CPU
		{21930C97-9C72-41FF-92A2-424C0B864DF4}.Release|Any CPU.Build.0 = Release|Any CPU
		{A0F396EC-522A-4943-B52A-84B519B88A33}.Debug|Any CPU.ActiveCfg = Debug|Any CPU
		{A0F396EC-522A-4943-B52A-84B519B88A33}.Debug|Any CPU.Build.0 = Debug|Any CPU
		{A0F396EC-522A-4943-B52A-84B519B88A33}.Release|Any CPU.ActiveCfg = Release|Any CPU
		{A0F396EC-522A-4943-B52A-84B519B88A33}.Release|Any CPU.Build.0 = Release|Any CPU
		{4C9159AB-8BAD-46F5-A2B2-A67F2B09C31C}.Debug|Any CPU.ActiveCfg = Debug|Any CPU
		{4C9159AB-8BAD-46F5-A2B2-A67F2B09C31C}.Debug|Any CPU.Build.0 = Debug|Any CPU
		{4C9159AB-8BAD-46F5-A2B2-A67F2B09C31C}.Release|Any CPU.ActiveCfg = Release|Any CPU
		{4C9159AB-8BAD-46F5-A2B2-A67F2B09C31C}.Release|Any CPU.Build.0 = Release|Any CPU
		{132EF986-7963-4534-ADA4-1497730EDFD2}.Debug|Any CPU.ActiveCfg = Debug|Any CPU
		{132EF986-7963-4534-ADA4-1497730EDFD2}.Debug|Any CPU.Build.0 = Debug|Any CPU
		{132EF986-7963-4534-ADA4-1497730EDFD2}.Release|Any CPU.ActiveCfg = Release|Any CPU
		{132EF986-7963-4534-ADA4-1497730EDFD2}.Release|Any CPU.Build.0 = Release|Any CPU
	EndGlobalSection
	GlobalSection(SolutionProperties) = preSolution
		HideSolutionNode = FALSE
	EndGlobalSection
	GlobalSection(ExtensibilityGlobals) = postSolution
		SolutionGuid = {57F28AA3-7338-4E2B-9394-5AC2A7898799}
	EndGlobalSection
EndGlobal
